
Microsoft Visual Studio Solution File, Format Version 12.00
# Visual Studio Version 16
VisualStudioVersion = 16.0.30114.105
MinimumVisualStudioVersion = 10.0.40219.1
Project("{FAE04EC0-301F-11D3-BF4B-00C04F79EFBC}") = "MountAnything", "src\MountAnything\MountAnything.csproj", "{F4D9C793-0D36-41BF-A173-324237423663}"
EndProject
Project("{2150E333-8FDC-42A3-9474-1A3956D46DE8}") = "tests", "tests", "{E8302017-CFB2-454F-B7CB-2BC54537E5F2}"
EndProject
Project("{FAE04EC0-301F-11D3-BF4B-00C04F79EFBC}") = "MountAnything.Tests", "tests\MountAnything.Tests\MountAnything.Tests.csproj", "{D80D9453-212C-4D8F-8B74-E3B17A81ADEA}"
EndProject
Project("{2150E333-8FDC-42A3-9474-1A3956D46DE8}") = "SolutionFiles", "SolutionFiles", "{6405AFCD-C397-471E-9425-3E9BCADB97A9}"
	ProjectSection(SolutionItems) = preProject
		README.md = README.md
	EndProjectSection
EndProject
Project("{FAE04EC0-301F-11D3-BF4B-00C04F79EFBC}") = "MountAnything.Hosting.Build", "src\MountAnything.Hosting.Build\MountAnything.Hosting.Build.csproj", "{878F15C9-48BB-4598-A56B-FC7B8CA9FAFA}"
EndProject
Project("{2150E333-8FDC-42A3-9474-1A3956D46DE8}") = "examples", "examples", "{23882579-D5E5-4934-B3CC-D296D5F59B50}"
EndProject
Project("{FAE04EC0-301F-11D3-BF4B-00C04F79EFBC}") = "MountPowershell", "examples\mount-powershell\MountPowershell.csproj", "{1E2B0703-587F-4545-97E2-4BEBCCC010CF}"
EndProject
Project("{FAE04EC0-301F-11D3-BF4B-00C04F79EFBC}") = "MountAnything.Hosting.Templates", "src\MountAnything.Hosting.Templates\MountAnything.Hosting.Templates.csproj", "{C5485624-F130-4945-91C5-504289AC5A74}"
EndProject
Project("{FAE04EC0-301F-11D3-BF4B-00C04F79EFBC}") = "MountAnything.Hosting.Abstractions", "src\MountAnything.Hosting.Abstractions\MountAnything.Hosting.Abstractions.csproj", "{251F9227-E6F6-4618-9532-619DAB4BBF36}"
EndProject
Project("{2150E333-8FDC-42A3-9474-1A3956D46DE8}") = "Hosting", "Hosting", "{F2EC1741-065E-486F-A6DB-06D587B9637B}"
EndProject
Global
	GlobalSection(SolutionConfigurationPlatforms) = preSolution
		Debug|Any CPU = Debug|Any CPU
		Release|Any CPU = Release|Any CPU
	EndGlobalSection
	GlobalSection(SolutionProperties) = preSolution
		HideSolutionNode = FALSE
	EndGlobalSection
	GlobalSection(ProjectConfigurationPlatforms) = postSolution
		{F4D9C793-0D36-41BF-A173-324237423663}.Debug|Any CPU.ActiveCfg = Debug|Any CPU
		{F4D9C793-0D36-41BF-A173-324237423663}.Debug|Any CPU.Build.0 = Debug|Any CPU
		{F4D9C793-0D36-41BF-A173-324237423663}.Release|Any CPU.ActiveCfg = Release|Any CPU
		{F4D9C793-0D36-41BF-A173-324237423663}.Release|Any CPU.Build.0 = Release|Any CPU
		{D80D9453-212C-4D8F-8B74-E3B17A81ADEA}.Debug|Any CPU.ActiveCfg = Debug|Any CPU
		{D80D9453-212C-4D8F-8B74-E3B17A81ADEA}.Debug|Any CPU.Build.0 = Debug|Any CPU
		{D80D9453-212C-4D8F-8B74-E3B17A81ADEA}.Release|Any CPU.ActiveCfg = Release|Any CPU
		{D80D9453-212C-4D8F-8B74-E3B17A81ADEA}.Release|Any CPU.Build.0 = Release|Any CPU
		{878F15C9-48BB-4598-A56B-FC7B8CA9FAFA}.Debug|Any CPU.ActiveCfg = Debug|Any CPU
		{878F15C9-48BB-4598-A56B-FC7B8CA9FAFA}.Debug|Any CPU.Build.0 = Debug|Any CPU
		{878F15C9-48BB-4598-A56B-FC7B8CA9FAFA}.Release|Any CPU.ActiveCfg = Release|Any CPU
		{878F15C9-48BB-4598-A56B-FC7B8CA9FAFA}.Release|Any CPU.Build.0 = Release|Any CPU
		{1E2B0703-587F-4545-97E2-4BEBCCC010CF}.Debug|Any CPU.ActiveCfg = Debug|Any CPU
		{1E2B0703-587F-4545-97E2-4BEBCCC010CF}.Debug|Any CPU.Build.0 = Debug|Any CPU
		{1E2B0703-587F-4545-97E2-4BEBCCC010CF}.Release|Any CPU.ActiveCfg = Release|Any CPU
		{1E2B0703-587F-4545-97E2-4BEBCCC010CF}.Release|Any CPU.Build.0 = Release|Any CPU
		{C5485624-F130-4945-91C5-504289AC5A74}.Debug|Any CPU.ActiveCfg = Debug|Any CPU
		{C5485624-F130-4945-91C5-504289AC5A74}.Debug|Any CPU.Build.0 = Debug|Any CPU
		{C5485624-F130-4945-91C5-504289AC5A74}.Release|Any CPU.ActiveCfg = Release|Any CPU
		{C5485624-F130-4945-91C5-504289AC5A74}.Release|Any CPU.Build.0 = Release|Any CPU
		{251F9227-E6F6-4618-9532-619DAB4BBF36}.Debug|Any CPU.ActiveCfg = Debug|Any CPU
		{251F9227-E6F6-4618-9532-619DAB4BBF36}.Debug|Any CPU.Build.0 = Debug|Any CPU
		{251F9227-E6F6-4618-9532-619DAB4BBF36}.Release|Any CPU.ActiveCfg = Release|Any CPU
		{251F9227-E6F6-4618-9532-619DAB4BBF36}.Release|Any CPU.Build.0 = Release|Any CPU
	EndGlobalSection
	GlobalSection(NestedProjects) = preSolution
		{D80D9453-212C-4D8F-8B74-E3B17A81ADEA} = {E8302017-CFB2-454F-B7CB-2BC54537E5F2}
		{1E2B0703-587F-4545-97E2-4BEBCCC010CF} = {23882579-D5E5-4934-B3CC-D296D5F59B50}
		{878F15C9-48BB-4598-A56B-FC7B8CA9FAFA} = {F2EC1741-065E-486F-A6DB-06D587B9637B}
		{251F9227-E6F6-4618-9532-619DAB4BBF36} = {F2EC1741-065E-486F-A6DB-06D587B9637B}
		{C5485624-F130-4945-91C5-504289AC5A74} = {F2EC1741-065E-486F-A6DB-06D587B9637B}
	EndGlobalSection
EndGlobal
